
Microsoft Visual Studio Solution File, Format Version 12.00
# Visual Studio Version 16
VisualStudioVersion = 16.0.33529.622
MinimumVisualStudioVersion = 10.0.40219.1
Project("{FAE04EC0-301F-11D3-BF4B-00C04F79EFBC}") = "Pipe_Impersonate", "Pipe_Impersonate\Pipe_Impersonate.csproj", "{15F994FC-8EBE-4854-9E88-338676DC121D}"
EndProject
Global
	GlobalSection(SolutionConfigurationPlatforms) = preSolution
		Debug|Any CPU = Debug|Any CPU
		Debug|x64 = Debug|x64
		Release|Any CPU = Release|Any CPU
		Release|x64 = Release|x64
	EndGlobalSection
	GlobalSection(ProjectConfigurationPlatforms) = postSolution
		{15F994FC-8EBE-4854-9E88-338676DC121D}.Debug|Any CPU.ActiveCfg = Debug|Any CPU
		{15F994FC-8EBE-4854-9E88-338676DC121D}.Debug|Any CPU.Build.0 = Debug|Any CPU
		{15F994FC-8EBE-4854-9E88-338676DC121D}.Debug|x64.ActiveCfg = Debug|x64
		{15F994FC-8EBE-4854-9E88-338676DC121D}.Debug|x64.Build.0 = Debug|x64
		{15F994FC-8EBE-4854-9E88-338676DC121D}.Release|Any CPU.ActiveCfg = Release|Any CPU
		{15F994FC-8EBE-4854-9E88-338676DC121D}.Release|Any CPU.Build.0 = Release|Any CPU
		{15F994FC-8EBE-4854-9E88-338676DC121D}.Release|x64.ActiveCfg = Release|x64
		{15F994FC-8EBE-4854-9E88-338676DC121D}.Release|x64.Build.0 = Release|x64
	EndGlobalSection
	GlobalSection(SolutionProperties) = preSolution
		HideSolutionNode = FALSE
	EndGlobalSection
	GlobalSection(ExtensibilityGlobals) = postSolution
		SolutionGuid = {3269BC76-FF0C-4593-8FA6-F20171B535A6}
	EndGlobalSection
EndGlobal
